
Microsoft Visual Studio Solution File, Format Version 12.00
# Visual Studio Version 16
VisualStudioVersion = 16.0.31702.278
MinimumVisualStudioVersion = 10.0.40219.1
Project("{FAE04EC0-301F-11D3-BF4B-00C04F79EFBC}") = "CRMSMVCAPP", "CRMSMVCAPP\CRMSMVCAPP.csproj", "{39F6CFC9-67A2-4842-ADF9-20827020E11F}"
EndProject
Global
	GlobalSection(SolutionConfigurationPlatforms) = preSolution
		Debug|Any CPU = Debug|Any CPU
		Release|Any CPU = Release|Any CPU
	EndGlobalSection
	GlobalSection(ProjectConfigurationPlatforms) = postSolution
		{39F6CFC9-67A2-4842-ADF9-20827020E11F}.Debug|Any CPU.ActiveCfg = Debug|Any CPU
		{39F6CFC9-67A2-4842-ADF9-20827020E11F}.Debug|Any CPU.Build.0 = Debug|Any CPU
		{39F6CFC9-67A2-4842-ADF9-20827020E11F}.Release|Any CPU.ActiveCfg = Release|Any CPU
		{39F6CFC9-67A2-4842-ADF9-20827020E11F}.Release|Any CPU.Build.0 = Release|Any CPU
	EndGlobalSection
	GlobalSection(SolutionProperties) = preSolution
		HideSolutionNode = FALSE
	EndGlobalSection
	GlobalSection(ExtensibilityGlobals) = postSolution
		SolutionGuid = {89BB9710-DAA5-41DB-86B8-BDD67E9A3EAE}
	EndGlobalSection
EndGlobal
